
Microsoft Visual Studio Solution File, Format Version 12.00
# Visual Studio 15
VisualStudioVersion = 15.0.26730.15
MinimumVisualStudioVersion = 10.0.40219.1
Project("{FAE04EC0-301F-11D3-BF4B-00C04F79EFBC}") = "Lab1WindowsForms", "Lab1WindowsForms\Lab1WindowsForms.csproj", "{D17838B2-6BBD-4B7F-BB3F-15B5AC56E935}"
EndProject
Project("{2150E333-8FDC-42A3-9474-1A3956D46DE8}") = "Lab1", "Lab1", "{9811AB7E-32C9-4EE1-9A6F-04EDA74633FC}"
EndProject
Project("{FAE04EC0-301F-11D3-BF4B-00C04F79EFBC}") = "Lab1WPF", "Lab1WPF\Lab1WPF.csproj", "{84163439-16A6-437B-ADDB-0A32F86C388E}"
EndProject
Project("{2150E333-8FDC-42A3-9474-1A3956D46DE8}") = "Lab2", "Lab2", "{DE387F46-8F25-4F56-805C-4BCE3933E1FC}"
EndProject
Project("{FAE04EC0-301F-11D3-BF4B-00C04F79EFBC}") = "Lab2Controls", "Lab2Controls\Lab2Controls.csproj", "{232A92CA-541C-43AA-A8A7-B01625BA41A5}"
EndProject
Global
	GlobalSection(SolutionConfigurationPlatforms) = preSolution
		Debug|Any CPU = Debug|Any CPU
		Release|Any CPU = Release|Any CPU
	EndGlobalSection
	GlobalSection(ProjectConfigurationPlatforms) = postSolution
		{D17838B2-6BBD-4B7F-BB3F-15B5AC56E935}.Debug|Any CPU.ActiveCfg = Debug|Any CPU
		{D17838B2-6BBD-4B7F-BB3F-15B5AC56E935}.Debug|Any CPU.Build.0 = Debug|Any CPU
		{D17838B2-6BBD-4B7F-BB3F-15B5AC56E935}.Release|Any CPU.ActiveCfg = Release|Any CPU
		{D17838B2-6BBD-4B7F-BB3F-15B5AC56E935}.Release|Any CPU.Build.0 = Release|Any CPU
		{84163439-16A6-437B-ADDB-0A32F86C388E}.Debug|Any CPU.ActiveCfg = Debug|Any CPU
		{84163439-16A6-437B-ADDB-0A32F86C388E}.Debug|Any CPU.Build.0 = Debug|Any CPU
		{84163439-16A6-437B-ADDB-0A32F86C388E}.Release|Any CPU.ActiveCfg = Release|Any CPU
		{84163439-16A6-437B-ADDB-0A32F86C388E}.Release|Any CPU.Build.0 = Release|Any CPU
		{232A92CA-541C-43AA-A8A7-B01625BA41A5}.Debug|Any CPU.ActiveCfg = Debug|Any CPU
		{232A92CA-541C-43AA-A8A7-B01625BA41A5}.Debug|Any CPU.Build.0 = Debug|Any CPU
		{232A92CA-541C-43AA-A8A7-B01625BA41A5}.Release|Any CPU.ActiveCfg = Release|Any CPU
		{232A92CA-541C-43AA-A8A7-B01625BA41A5}.Release|Any CPU.Build.0 = Release|Any CPU
	EndGlobalSection
	GlobalSection(SolutionProperties) = preSolution
		HideSolutionNode = FALSE
	EndGlobalSection
	GlobalSection(NestedProjects) = preSolution
		{D17838B2-6BBD-4B7F-BB3F-15B5AC56E935} = {9811AB7E-32C9-4EE1-9A6F-04EDA74633FC}
		{84163439-16A6-437B-ADDB-0A32F86C388E} = {9811AB7E-32C9-4EE1-9A6F-04EDA74633FC}
		{232A92CA-541C-43AA-A8A7-B01625BA41A5} = {DE387F46-8F25-4F56-805C-4BCE3933E1FC}
	EndGlobalSection
	GlobalSection(ExtensibilityGlobals) = postSolution
		SolutionGuid = {42C44B55-C35B-44EC-AB9B-4198E642EF60}
	EndGlobalSection
EndGlobal
