
Microsoft Visual Studio Solution File, Format Version 12.00
# Visual Studio 15
VisualStudioVersion = 15.0.26730.15
MinimumVisualStudioVersion = 10.0.40219.1
Project("{2150E333-8FDC-42A3-9474-1A3956D46DE8}") = "Lab1", "Lab1", "{9811AB7E-32C9-4EE1-9A6F-04EDA74633FC}"
EndProject
Project("{2150E333-8FDC-42A3-9474-1A3956D46DE8}") = "Lab2", "Lab2", "{DE387F46-8F25-4F56-805C-4BCE3933E1FC}"
EndProject
Project("{2150E333-8FDC-42A3-9474-1A3956D46DE8}") = "Lab3", "Lab3", "{10A5AC9F-A9FE-486D-9AB7-4620DF6D5845}"
EndProject
Project("{FAE04EC0-301F-11D3-BF4B-00C04F79EFBC}") = "Lab3.AutoLib", "Lab3.AutoLib\Lab3.AutoLib.csproj", "{3661A2B3-5447-42C5-B085-D0969DE4C10F}"
EndProject
Project("{FAE04EC0-301F-11D3-BF4B-00C04F79EFBC}") = "Lab3.AutoDAL", "Lab3.AutoDAL\Lab3.AutoDAL.csproj", "{155706AF-D028-4512-8245-92C7DC59CA16}"
EndProject
Project("{FAE04EC0-301F-11D3-BF4B-00C04F79EFBC}") = "Lab3.Client", "Lab3.Client\Lab3.Client.csproj", "{FFE7485D-97F8-4C2A-8F25-B4F83CA07E59}"
EndProject
Project("{2150E333-8FDC-42A3-9474-1A3956D46DE8}") = "Lab4", "Lab4", "{9DC698CE-50E8-4A18-A408-A33FEB4A8C55}"
EndProject
Project("{FAE04EC0-301F-11D3-BF4B-00C04F79EFBC}") = "Lab4.GraphicEditor", "Lab4.GraphicEditor\Lab4.GraphicEditor.csproj", "{1CEB5FB6-952F-4698-8795-7B326DA137A6}"
EndProject
Project("{FAE04EC0-301F-11D3-BF4B-00C04F79EFBC}") = "Lab1.WindowsForms", "Lab1.WindowsForms\Lab1.WindowsForms.csproj", "{D17838B2-6BBD-4B7F-BB3F-15B5AC56E935}"
EndProject
Project("{FAE04EC0-301F-11D3-BF4B-00C04F79EFBC}") = "Lab1.WPF", "Lab1.WPF\Lab1.WPF.csproj", "{84163439-16A6-437B-ADDB-0A32F86C388E}"
EndProject
Project("{FAE04EC0-301F-11D3-BF4B-00C04F79EFBC}") = "Lab2.Controls", "Lab2.Controls\Lab2.Controls.csproj", "{232A92CA-541C-43AA-A8A7-B01625BA41A5}"
EndProject
Project("{FAE04EC0-301F-11D3-BF4B-00C04F79EFBC}") = "Lab2.Calculator", "Lab2.Calculator\Lab2.Calculator.csproj", "{64AEB2C6-9B40-4B95-B265-0B3BD77D95F9}"
EndProject
Project("{2150E333-8FDC-42A3-9474-1A3956D46DE8}") = "Lab5", "Lab5", "{9E0F924B-5564-41EB-8D21-5ADEA2C3AE8D}"
EndProject
Project("{FAE04EC0-301F-11D3-BF4B-00C04F79EFBC}") = "Lab5.HippodromeLib", "Lab5.HippodromeLib\Lab5.HippodromeLib.csproj", "{B2FD23E9-EB71-4F97-93A9-95343FE0BD16}"
EndProject
Project("{FAE04EC0-301F-11D3-BF4B-00C04F79EFBC}") = "Lab5.Client", "Lab5.Client\Lab5.Client.csproj", "{A84DBD3C-FB52-47AA-A130-C5CF2FA65A3C}"
EndProject
Global
	GlobalSection(SolutionConfigurationPlatforms) = preSolution
		Debug|Any CPU = Debug|Any CPU
		Release|Any CPU = Release|Any CPU
	EndGlobalSection
	GlobalSection(ProjectConfigurationPlatforms) = postSolution
		{3661A2B3-5447-42C5-B085-D0969DE4C10F}.Debug|Any CPU.ActiveCfg = Debug|Any CPU
		{3661A2B3-5447-42C5-B085-D0969DE4C10F}.Debug|Any CPU.Build.0 = Debug|Any CPU
		{3661A2B3-5447-42C5-B085-D0969DE4C10F}.Release|Any CPU.ActiveCfg = Release|Any CPU
		{3661A2B3-5447-42C5-B085-D0969DE4C10F}.Release|Any CPU.Build.0 = Release|Any CPU
		{155706AF-D028-4512-8245-92C7DC59CA16}.Debug|Any CPU.ActiveCfg = Debug|Any CPU
		{155706AF-D028-4512-8245-92C7DC59CA16}.Debug|Any CPU.Build.0 = Debug|Any CPU
		{155706AF-D028-4512-8245-92C7DC59CA16}.Release|Any CPU.ActiveCfg = Release|Any CPU
		{155706AF-D028-4512-8245-92C7DC59CA16}.Release|Any CPU.Build.0 = Release|Any CPU
		{FFE7485D-97F8-4C2A-8F25-B4F83CA07E59}.Debug|Any CPU.ActiveCfg = Debug|Any CPU
		{FFE7485D-97F8-4C2A-8F25-B4F83CA07E59}.Debug|Any CPU.Build.0 = Debug|Any CPU
		{FFE7485D-97F8-4C2A-8F25-B4F83CA07E59}.Release|Any CPU.ActiveCfg = Release|Any CPU
		{FFE7485D-97F8-4C2A-8F25-B4F83CA07E59}.Release|Any CPU.Build.0 = Release|Any CPU
		{1CEB5FB6-952F-4698-8795-7B326DA137A6}.Debug|Any CPU.ActiveCfg = Debug|Any CPU
		{1CEB5FB6-952F-4698-8795-7B326DA137A6}.Debug|Any CPU.Build.0 = Debug|Any CPU
		{1CEB5FB6-952F-4698-8795-7B326DA137A6}.Release|Any CPU.ActiveCfg = Release|Any CPU
		{1CEB5FB6-952F-4698-8795-7B326DA137A6}.Release|Any CPU.Build.0 = Release|Any CPU
		{D17838B2-6BBD-4B7F-BB3F-15B5AC56E935}.Debug|Any CPU.ActiveCfg = Debug|Any CPU
		{D17838B2-6BBD-4B7F-BB3F-15B5AC56E935}.Debug|Any CPU.Build.0 = Debug|Any CPU
		{D17838B2-6BBD-4B7F-BB3F-15B5AC56E935}.Release|Any CPU.ActiveCfg = Release|Any CPU
		{D17838B2-6BBD-4B7F-BB3F-15B5AC56E935}.Release|Any CPU.Build.0 = Release|Any CPU
		{84163439-16A6-437B-ADDB-0A32F86C388E}.Debug|Any CPU.ActiveCfg = Debug|Any CPU
		{84163439-16A6-437B-ADDB-0A32F86C388E}.Debug|Any CPU.Build.0 = Debug|Any CPU
		{84163439-16A6-437B-ADDB-0A32F86C388E}.Release|Any CPU.ActiveCfg = Release|Any CPU
		{84163439-16A6-437B-ADDB-0A32F86C388E}.Release|Any CPU.Build.0 = Release|Any CPU
		{232A92CA-541C-43AA-A8A7-B01625BA41A5}.Debug|Any CPU.ActiveCfg = Debug|Any CPU
		{232A92CA-541C-43AA-A8A7-B01625BA41A5}.Debug|Any CPU.Build.0 = Debug|Any CPU
		{232A92CA-541C-43AA-A8A7-B01625BA41A5}.Release|Any CPU.ActiveCfg = Release|Any CPU
		{232A92CA-541C-43AA-A8A7-B01625BA41A5}.Release|Any CPU.Build.0 = Release|Any CPU
		{64AEB2C6-9B40-4B95-B265-0B3BD77D95F9}.Debug|Any CPU.ActiveCfg = Debug|Any CPU
		{64AEB2C6-9B40-4B95-B265-0B3BD77D95F9}.Debug|Any CPU.Build.0 = Debug|Any CPU
		{64AEB2C6-9B40-4B95-B265-0B3BD77D95F9}.Release|Any CPU.ActiveCfg = Release|Any CPU
		{64AEB2C6-9B40-4B95-B265-0B3BD77D95F9}.Release|Any CPU.Build.0 = Release|Any CPU
		{B2FD23E9-EB71-4F97-93A9-95343FE0BD16}.Debug|Any CPU.ActiveCfg = Debug|Any CPU
		{B2FD23E9-EB71-4F97-93A9-95343FE0BD16}.Debug|Any CPU.Build.0 = Debug|Any CPU
		{B2FD23E9-EB71-4F97-93A9-95343FE0BD16}.Release|Any CPU.ActiveCfg = Release|Any CPU
		{B2FD23E9-EB71-4F97-93A9-95343FE0BD16}.Release|Any CPU.Build.0 = Release|Any CPU
		{A84DBD3C-FB52-47AA-A130-C5CF2FA65A3C}.Debug|Any CPU.ActiveCfg = Debug|Any CPU
		{A84DBD3C-FB52-47AA-A130-C5CF2FA65A3C}.Debug|Any CPU.Build.0 = Debug|Any CPU
		{A84DBD3C-FB52-47AA-A130-C5CF2FA65A3C}.Release|Any CPU.ActiveCfg = Release|Any CPU
		{A84DBD3C-FB52-47AA-A130-C5CF2FA65A3C}.Release|Any CPU.Build.0 = Release|Any CPU
	EndGlobalSection
	GlobalSection(SolutionProperties) = preSolution
		HideSolutionNode = FALSE
	EndGlobalSection
	GlobalSection(NestedProjects) = preSolution
		{3661A2B3-5447-42C5-B085-D0969DE4C10F} = {10A5AC9F-A9FE-486D-9AB7-4620DF6D5845}
		{155706AF-D028-4512-8245-92C7DC59CA16} = {10A5AC9F-A9FE-486D-9AB7-4620DF6D5845}
		{FFE7485D-97F8-4C2A-8F25-B4F83CA07E59} = {10A5AC9F-A9FE-486D-9AB7-4620DF6D5845}
		{1CEB5FB6-952F-4698-8795-7B326DA137A6} = {9DC698CE-50E8-4A18-A408-A33FEB4A8C55}
		{D17838B2-6BBD-4B7F-BB3F-15B5AC56E935} = {9811AB7E-32C9-4EE1-9A6F-04EDA74633FC}
		{84163439-16A6-437B-ADDB-0A32F86C388E} = {9811AB7E-32C9-4EE1-9A6F-04EDA74633FC}
		{232A92CA-541C-43AA-A8A7-B01625BA41A5} = {DE387F46-8F25-4F56-805C-4BCE3933E1FC}
		{64AEB2C6-9B40-4B95-B265-0B3BD77D95F9} = {DE387F46-8F25-4F56-805C-4BCE3933E1FC}
		{B2FD23E9-EB71-4F97-93A9-95343FE0BD16} = {9E0F924B-5564-41EB-8D21-5ADEA2C3AE8D}
		{A84DBD3C-FB52-47AA-A130-C5CF2FA65A3C} = {9E0F924B-5564-41EB-8D21-5ADEA2C3AE8D}
	EndGlobalSection
	GlobalSection(ExtensibilityGlobals) = postSolution
		SolutionGuid = {42C44B55-C35B-44EC-AB9B-4198E642EF60}
	EndGlobalSection
EndGlobal
